
Microsoft Visual Studio Solution File, Format Version 12.00
# Visual Studio Version 16
VisualStudioVersion = 16.0.29519.87
MinimumVisualStudioVersion = 10.0.40219.1
Project("{2150E333-8FDC-42A3-9474-1A3956D46DE8}") = "src", "src", "{A5CF6060-8004-4934-A8F2-61D8C850A567}"
EndProject
Project("{2150E333-8FDC-42A3-9474-1A3956D46DE8}") = "Presentation", "Presentation", "{27A0E3E4-6BA4-405C-9654-8C0EED735E5E}"
EndProject
Project("{2150E333-8FDC-42A3-9474-1A3956D46DE8}") = "Persistence", "Persistence", "{39DE4DE8-C70E-4D39-9736-C940EC73F638}"
EndProject
Project("{9A19103F-16F7-4668-BE54-9A1E7A4F7556}") = "BCrud.WebUI", "WebUI\BCrud.WebUI.csproj", "{9792B03C-689A-4187-A06E-1FAF554951E7}"
EndProject
Project("{9A19103F-16F7-4668-BE54-9A1E7A4F7556}") = "BCrud.Domain", "BCrud.Domain\BCrud.Domain.csproj", "{3DAED64C-DCAE-487D-8001-1B809DB107B9}"
EndProject
Project("{9A19103F-16F7-4668-BE54-9A1E7A4F7556}") = "BCrud.Persistence", "BCrud.Persistence\BCrud.Persistence.csproj", "{C5F7A018-0393-40C0-9408-1FA1F137F34B}"
EndProject
Project("{2150E333-8FDC-42A3-9474-1A3956D46DE8}") = "Core", "Core", "{58F1A5C0-2338-455F-8057-008C92911EB7}"
EndProject
Project("{9A19103F-16F7-4668-BE54-9A1E7A4F7556}") = "BCrud.Core", "BCrud.Core\BCrud.Core.csproj", "{F753F81B-DF66-4283-8E34-8CB88408825C}"
EndProject
Project("{2150E333-8FDC-42A3-9474-1A3956D46DE8}") = "Api", "Api", "{E5B2CE0E-A8E2-4BB9-AA8D-A7AB1DA352DA}"
EndProject
Project("{9A19103F-16F7-4668-BE54-9A1E7A4F7556}") = "BCrud.Api", "BCrud.Api\BCrud.Api.csproj", "{29E592C3-7980-4F9E-889D-09C49D4EAAFE}"
EndProject
Global
	GlobalSection(SolutionConfigurationPlatforms) = preSolution
		Debug|Any CPU = Debug|Any CPU
		Release|Any CPU = Release|Any CPU
	EndGlobalSection
	GlobalSection(ProjectConfigurationPlatforms) = postSolution
		{9792B03C-689A-4187-A06E-1FAF554951E7}.Debug|Any CPU.ActiveCfg = Debug|Any CPU
		{9792B03C-689A-4187-A06E-1FAF554951E7}.Debug|Any CPU.Build.0 = Debug|Any CPU
		{9792B03C-689A-4187-A06E-1FAF554951E7}.Release|Any CPU.ActiveCfg = Release|Any CPU
		{9792B03C-689A-4187-A06E-1FAF554951E7}.Release|Any CPU.Build.0 = Release|Any CPU
		{3DAED64C-DCAE-487D-8001-1B809DB107B9}.Debug|Any CPU.ActiveCfg = Debug|Any CPU
		{3DAED64C-DCAE-487D-8001-1B809DB107B9}.Debug|Any CPU.Build.0 = Debug|Any CPU
		{3DAED64C-DCAE-487D-8001-1B809DB107B9}.Release|Any CPU.ActiveCfg = Release|Any CPU
		{3DAED64C-DCAE-487D-8001-1B809DB107B9}.Release|Any CPU.Build.0 = Release|Any CPU
		{C5F7A018-0393-40C0-9408-1FA1F137F34B}.Debug|Any CPU.ActiveCfg = Debug|Any CPU
		{C5F7A018-0393-40C0-9408-1FA1F137F34B}.Debug|Any CPU.Build.0 = Debug|Any CPU
		{C5F7A018-0393-40C0-9408-1FA1F137F34B}.Release|Any CPU.ActiveCfg = Release|Any CPU
		{C5F7A018-0393-40C0-9408-1FA1F137F34B}.Release|Any CPU.Build.0 = Release|Any CPU
		{F753F81B-DF66-4283-8E34-8CB88408825C}.Debug|Any CPU.ActiveCfg = Debug|Any CPU
		{F753F81B-DF66-4283-8E34-8CB88408825C}.Debug|Any CPU.Build.0 = Debug|Any CPU
		{F753F81B-DF66-4283-8E34-8CB88408825C}.Release|Any CPU.ActiveCfg = Release|Any CPU
		{F753F81B-DF66-4283-8E34-8CB88408825C}.Release|Any CPU.Build.0 = Release|Any CPU
		{29E592C3-7980-4F9E-889D-09C49D4EAAFE}.Debug|Any CPU.ActiveCfg = Debug|Any CPU
		{29E592C3-7980-4F9E-889D-09C49D4EAAFE}.Debug|Any CPU.Build.0 = Debug|Any CPU
		{29E592C3-7980-4F9E-889D-09C49D4EAAFE}.Release|Any CPU.ActiveCfg = Release|Any CPU
		{29E592C3-7980-4F9E-889D-09C49D4EAAFE}.Release|Any CPU.Build.0 = Release|Any CPU
	EndGlobalSection
	GlobalSection(SolutionProperties) = preSolution
		HideSolutionNode = FALSE
	EndGlobalSection
	GlobalSection(NestedProjects) = preSolution
		{27A0E3E4-6BA4-405C-9654-8C0EED735E5E} = {A5CF6060-8004-4934-A8F2-61D8C850A567}
		{39DE4DE8-C70E-4D39-9736-C940EC73F638} = {A5CF6060-8004-4934-A8F2-61D8C850A567}
		{9792B03C-689A-4187-A06E-1FAF554951E7} = {27A0E3E4-6BA4-405C-9654-8C0EED735E5E}
		{3DAED64C-DCAE-487D-8001-1B809DB107B9} = {58F1A5C0-2338-455F-8057-008C92911EB7}
		{C5F7A018-0393-40C0-9408-1FA1F137F34B} = {39DE4DE8-C70E-4D39-9736-C940EC73F638}
		{58F1A5C0-2338-455F-8057-008C92911EB7} = {A5CF6060-8004-4934-A8F2-61D8C850A567}
		{F753F81B-DF66-4283-8E34-8CB88408825C} = {58F1A5C0-2338-455F-8057-008C92911EB7}
		{E5B2CE0E-A8E2-4BB9-AA8D-A7AB1DA352DA} = {A5CF6060-8004-4934-A8F2-61D8C850A567}
		{29E592C3-7980-4F9E-889D-09C49D4EAAFE} = {E5B2CE0E-A8E2-4BB9-AA8D-A7AB1DA352DA}
	EndGlobalSection
	GlobalSection(ExtensibilityGlobals) = postSolution
		SolutionGuid = {E73AB0FD-6E8A-4415-A3D1-E9588D8B04AF}
	EndGlobalSection
EndGlobal
